// !$*UTF8*$!
{
	archiveVersion = 1;
	classes = {
	};
	objectVersion = 46;
	objects = {

/* Begin PBXBuildFile section */
		4A1B56891A7C35F30005A565 /* CustomPointAnnotation.swift in Sources */ = {isa = PBXBuildFile; fileRef = 4A1B56881A7C35F30005A565 /* CustomPointAnnotation.swift */; };
		4A9933711A7ABF1000418141 /* AppDelegate.swift in Sources */ = {isa = PBXBuildFile; fileRef = 4A9933701A7ABF1000418141 /* AppDelegate.swift */; };
		4A9933741A7ABF1000418141 /* Accepted.xcdatamodeld in Sources */ = {isa = PBXBuildFile; fileRef = 4A9933721A7ABF1000418141 /* Accepted.xcdatamodeld */; };
		4A9933761A7ABF1000418141 /* ViewController.swift in Sources */ = {isa = PBXBuildFile; fileRef = 4A9933751A7ABF1000418141 /* ViewController.swift */; };
		4A99337B1A7ABF1100418141 /* Images.xcassets in Resources */ = {isa = PBXBuildFile; fileRef = 4A99337A1A7ABF1100418141 /* Images.xcassets */; };
		4A99337E1A7ABF1100418141 /* LaunchScreen.xib in Resources */ = {isa = PBXBuildFile; fileRef = 4A99337C1A7ABF1100418141 /* LaunchScreen.xib */; };
		4A99338A1A7ABF1100418141 /* AcceptedTests.swift in Sources */ = {isa = PBXBuildFile; fileRef = 4A9933891A7ABF1100418141 /* AcceptedTests.swift */; };
		4A99339D1A7AC1D100418141 /* AccountViewController.swift in Sources */ = {isa = PBXBuildFile; fileRef = 4A9933931A7AC1D100418141 /* AccountViewController.swift */; };
		4A99339E1A7AC1D100418141 /* CreateAccountViewController.swift in Sources */ = {isa = PBXBuildFile; fileRef = 4A9933941A7AC1D100418141 /* CreateAccountViewController.swift */; };
		4A99339F1A7AC1D100418141 /* HomeViewController.swift in Sources */ = {isa = PBXBuildFile; fileRef = 4A9933951A7AC1D100418141 /* HomeViewController.swift */; };
		4A9933A01A7AC1D100418141 /* Location.swift in Sources */ = {isa = PBXBuildFile; fileRef = 4A9933961A7AC1D100418141 /* Location.swift */; };
		4A9933A11A7AC1D100418141 /* Major.swift in Sources */ = {isa = PBXBuildFile; fileRef = 4A9933971A7AC1D100418141 /* Major.swift */; };
		4A9933A21A7AC1D100418141 /* School.swift in Sources */ = {isa = PBXBuildFile; fileRef = 4A9933981A7AC1D100418141 /* School.swift */; };
		4A9933A31A7AC1D100418141 /* SchoolMapViewController.swift in Sources */ = {isa = PBXBuildFile; fileRef = 4A9933991A7AC1D100418141 /* SchoolMapViewController.swift */; };
		4A9933A41A7AC1D100418141 /* SchoolModel.swift in Sources */ = {isa = PBXBuildFile; fileRef = 4A99339A1A7AC1D100418141 /* SchoolModel.swift */; };
		4A9933A51A7AC1D100418141 /* User.swift in Sources */ = {isa = PBXBuildFile; fileRef = 4A99339B1A7AC1D100418141 /* User.swift */; };
		4A9933A61A7AC1D100418141 /* UserModel.swift in Sources */ = {isa = PBXBuildFile; fileRef = 4A99339C1A7AC1D100418141 /* UserModel.swift */; };
		4A9933A81A7AC1F000418141 /* Main.storyboard in Resources */ = {isa = PBXBuildFile; fileRef = 4A9933A71A7AC1F000418141 /* Main.storyboard */; };
		4A9933AA1A7AC58600418141 /* MySchoolsViewController.swift in Sources */ = {isa = PBXBuildFile; fileRef = 4A9933A91A7AC58600418141 /* MySchoolsViewController.swift */; };
/* End PBXBuildFile section */

/* Begin PBXContainerItemProxy section */
		4A9933841A7ABF1100418141 /* PBXContainerItemProxy */ = {
			isa = PBXContainerItemProxy;
			containerPortal = 4A9933631A7ABF1000418141 /* Project object */;
			proxyType = 1;
			remoteGlobalIDString = 4A99336A1A7ABF1000418141;
			remoteInfo = Accepted;
		};
/* End PBXContainerItemProxy section */

/* Begin PBXFileReference section */
		4A1B56881A7C35F30005A565 /* CustomPointAnnotation.swift */ = {isa = PBXFileReference; fileEncoding = 4; lastKnownFileType = sourcecode.swift; path = CustomPointAnnotation.swift; sourceTree = "<group>"; };
		4A99336B1A7ABF1000418141 /* Accepted.app */ = {isa = PBXFileReference; explicitFileType = wrapper.application; includeInIndex = 0; path = Accepted.app; sourceTree = BUILT_PRODUCTS_DIR; };
		4A99336F1A7ABF1000418141 /* Info.plist */ = {isa = PBXFileReference; lastKnownFileType = text.plist.xml; path = Info.plist; sourceTree = "<group>"; };
		4A9933701A7ABF1000418141 /* AppDelegate.swift */ = {isa = PBXFileReference; lastKnownFileType = sourcecode.swift; path = AppDelegate.swift; sourceTree = "<group>"; };
		4A9933731A7ABF1000418141 /* Accepted.xcdatamodel */ = {isa = PBXFileReference; lastKnownFileType = wrapper.xcdatamodel; path = Accepted.xcdatamodel; sourceTree = "<group>"; };
		4A9933751A7ABF1000418141 /* ViewController.swift */ = {isa = PBXFileReference; lastKnownFileType = sourcecode.swift; path = ViewController.swift; sourceTree = "<group>"; };
		4A99337A1A7ABF1100418141 /* Images.xcassets */ = {isa = PBXFileReference; lastKnownFileType = folder.assetcatalog; path = Images.xcassets; sourceTree = "<group>"; };
		4A99337D1A7ABF1100418141 /* Base */ = {isa = PBXFileReference; lastKnownFileType = file.xib; name = Base; path = Base.lproj/LaunchScreen.xib; sourceTree = "<group>"; };
		4A9933831A7ABF1100418141 /* AcceptedTests.xctest */ = {isa = PBXFileReference; explicitFileType = wrapper.cfbundle; includeInIndex = 0; path = AcceptedTests.xctest; sourceTree = BUILT_PRODUCTS_DIR; };
		4A9933881A7ABF1100418141 /* Info.plist */ = {isa = PBXFileReference; lastKnownFileType = text.plist.xml; path = Info.plist; sourceTree = "<group>"; };
		4A9933891A7ABF1100418141 /* AcceptedTests.swift */ = {isa = PBXFileReference; lastKnownFileType = sourcecode.swift; path = AcceptedTests.swift; sourceTree = "<group>"; };
		4A9933931A7AC1D100418141 /* AccountViewController.swift */ = {isa = PBXFileReference; fileEncoding = 4; lastKnownFileType = sourcecode.swift; path = AccountViewController.swift; sourceTree = "<group>"; };
		4A9933941A7AC1D100418141 /* CreateAccountViewController.swift */ = {isa = PBXFileReference; fileEncoding = 4; lastKnownFileType = sourcecode.swift; path = CreateAccountViewController.swift; sourceTree = "<group>"; };
		4A9933951A7AC1D100418141 /* HomeViewController.swift */ = {isa = PBXFileReference; fileEncoding = 4; lastKnownFileType = sourcecode.swift; path = HomeViewController.swift; sourceTree = "<group>"; };
		4A9933961A7AC1D100418141 /* Location.swift */ = {isa = PBXFileReference; fileEncoding = 4; lastKnownFileType = sourcecode.swift; path = Location.swift; sourceTree = "<group>"; };
		4A9933971A7AC1D100418141 /* Major.swift */ = {isa = PBXFileReference; fileEncoding = 4; lastKnownFileType = sourcecode.swift; path = Major.swift; sourceTree = "<group>"; };
		4A9933981A7AC1D100418141 /* School.swift */ = {isa = PBXFileReference; fileEncoding = 4; lastKnownFileType = sourcecode.swift; path = School.swift; sourceTree = "<group>"; };
		4A9933991A7AC1D100418141 /* SchoolMapViewController.swift */ = {isa = PBXFileReference; fileEncoding = 4; lastKnownFileType = sourcecode.swift; path = SchoolMapViewController.swift; sourceTree = "<group>"; };
		4A99339A1A7AC1D100418141 /* SchoolModel.swift */ = {isa = PBXFileReference; fileEncoding = 4; lastKnownFileType = sourcecode.swift; path = SchoolModel.swift; sourceTree = "<group>"; };
		4A99339B1A7AC1D100418141 /* User.swift */ = {isa = PBXFileReference; fileEncoding = 4; lastKnownFileType = sourcecode.swift; path = User.swift; sourceTree = "<group>"; };
		4A99339C1A7AC1D100418141 /* UserModel.swift */ = {isa = PBXFileReference; fileEncoding = 4; lastKnownFileType = sourcecode.swift; path = UserModel.swift; sourceTree = "<group>"; };
		4A9933A71A7AC1F000418141 /* Main.storyboard */ = {isa = PBXFileReference; fileEncoding = 4; lastKnownFileType = file.storyboard; path = Main.storyboard; sourceTree = "<group>"; };
		4A9933A91A7AC58600418141 /* MySchoolsViewController.swift */ = {isa = PBXFileReference; fileEncoding = 4; lastKnownFileType = sourcecode.swift; path = MySchoolsViewController.swift; sourceTree = "<group>"; };
/* End PBXFileReference section */

/* Begin PBXFrameworksBuildPhase section */
		4A9933681A7ABF1000418141 /* Frameworks */ = {
			isa = PBXFrameworksBuildPhase;
			buildActionMask = 2147483647;
			files = (
			);
			runOnlyForDeploymentPostprocessing = 0;
		};
		4A9933801A7ABF1100418141 /* Frameworks */ = {
			isa = PBXFrameworksBuildPhase;
			buildActionMask = 2147483647;
			files = (
			);
			runOnlyForDeploymentPostprocessing = 0;
		};
/* End PBXFrameworksBuildPhase section */

/* Begin PBXGroup section */
		4A1B56861A7C1B7F0005A565 /* View Controllers */ = {
			isa = PBXGroup;
			children = (
				4A9933991A7AC1D100418141 /* SchoolMapViewController.swift */,
				4A9933A91A7AC58600418141 /* MySchoolsViewController.swift */,
				4A9933951A7AC1D100418141 /* HomeViewController.swift */,
				4A9933941A7AC1D100418141 /* CreateAccountViewController.swift */,
				4A9933931A7AC1D100418141 /* AccountViewController.swift */,
			);
			name = "View Controllers";
			sourceTree = "<group>";
		};
		4A1B56871A7C1B880005A565 /* Classes */ = {
			isa = PBXGroup;
			children = (
				4A99339C1A7AC1D100418141 /* UserModel.swift */,
				4A99339B1A7AC1D100418141 /* User.swift */,
				4A99339A1A7AC1D100418141 /* SchoolModel.swift */,
				4A9933981A7AC1D100418141 /* School.swift */,
				4A9933971A7AC1D100418141 /* Major.swift */,
				4A9933961A7AC1D100418141 /* Location.swift */,
				4A1B56881A7C35F30005A565 /* CustomPointAnnotation.swift */,
			);
			name = Classes;
			sourceTree = "<group>";
		};
		4A9933621A7ABF1000418141 = {
			isa = PBXGroup;
			children = (
				4A99336D1A7ABF1000418141 /* Accepted */,
				4A9933861A7ABF1100418141 /* AcceptedTests */,
				4A99336C1A7ABF1000418141 /* Products */,
			);
			sourceTree = "<group>";
		};
		4A99336C1A7ABF1000418141 /* Products */ = {
			isa = PBXGroup;
			children = (
				4A99336B1A7ABF1000418141 /* Accepted.app */,
				4A9933831A7ABF1100418141 /* AcceptedTests.xctest */,
			);
			name = Products;
			sourceTree = "<group>";
		};
		4A99336D1A7ABF1000418141 /* Accepted */ = {
			isa = PBXGroup;
			children = (
				4A1B56871A7C1B880005A565 /* Classes */,
				4A1B56861A7C1B7F0005A565 /* View Controllers */,
				4A9933701A7ABF1000418141 /* AppDelegate.swift */,
				4A9933751A7ABF1000418141 /* ViewController.swift */,
				4A9933A71A7AC1F000418141 /* Main.storyboard */,
				4A99337A1A7ABF1100418141 /* Images.xcassets */,
				4A99337C1A7ABF1100418141 /* LaunchScreen.xib */,
				4A9933721A7ABF1000418141 /* Accepted.xcdatamodeld */,
				4A99336E1A7ABF1000418141 /* Supporting Files */,
			);
			path = Accepted;
			sourceTree = "<group>";
		};
		4A99336E1A7ABF1000418141 /* Supporting Files */ = {
			isa = PBXGroup;
			children = (
				4A99336F1A7ABF1000418141 /* Info.plist */,
			);
			name = "Supporting Files";
			sourceTree = "<group>";
		};
		4A9933861A7ABF1100418141 /* AcceptedTests */ = {
			isa = PBXGroup;
			children = (
				4A9933891A7ABF1100418141 /* AcceptedTests.swift */,
				4A9933871A7ABF1100418141 /* Supporting Files */,
			);
			path = AcceptedTests;
			sourceTree = "<group>";
		};
		4A9933871A7ABF1100418141 /* Supporting Files */ = {
			isa = PBXGroup;
			children = (
				4A9933881A7ABF1100418141 /* Info.plist */,
			);
			name = "Supporting Files";
			sourceTree = "<group>";
		};
/* End PBXGroup section */

/* Begin PBXNativeTarget section */
		4A99336A1A7ABF1000418141 /* Accepted */ = {
			isa = PBXNativeTarget;
			buildConfigurationList = 4A99338D1A7ABF1100418141 /* Build configuration list for PBXNativeTarget "Accepted" */;
			buildPhases = (
				4A9933671A7ABF1000418141 /* Sources */,
				4A9933681A7ABF1000418141 /* Frameworks */,
				4A9933691A7ABF1000418141 /* Resources */,
			);
			buildRules = (
			);
			dependencies = (
			);
			name = Accepted;
			productName = Accepted;
			productReference = 4A99336B1A7ABF1000418141 /* Accepted.app */;
			productType = "com.apple.product-type.application";
		};
		4A9933821A7ABF1100418141 /* AcceptedTests */ = {
			isa = PBXNativeTarget;
			buildConfigurationList = 4A9933901A7ABF1100418141 /* Build configuration list for PBXNativeTarget "AcceptedTests" */;
			buildPhases = (
				4A99337F1A7ABF1100418141 /* Sources */,
				4A9933801A7ABF1100418141 /* Frameworks */,
				4A9933811A7ABF1100418141 /* Resources */,
			);
			buildRules = (
			);
			dependencies = (
				4A9933851A7ABF1100418141 /* PBXTargetDependency */,
			);
			name = AcceptedTests;
			productName = AcceptedTests;
			productReference = 4A9933831A7ABF1100418141 /* AcceptedTests.xctest */;
			productType = "com.apple.product-type.bundle.unit-test";
		};
/* End PBXNativeTarget section */

/* Begin PBXProject section */
		4A9933631A7ABF1000418141 /* Project object */ = {
			isa = PBXProject;
			attributes = {
				LastUpgradeCheck = 0610;
				ORGANIZATIONNAME = PDice;
				TargetAttributes = {
					4A99336A1A7ABF1000418141 = {
						CreatedOnToolsVersion = 6.1.1;
					};
					4A9933821A7ABF1100418141 = {
						CreatedOnToolsVersion = 6.1.1;
						TestTargetID = 4A99336A1A7ABF1000418141;
					};
				};
			};
			buildConfigurationList = 4A9933661A7ABF1000418141 /* Build configuration list for PBXProject "Accepted" */;
			compatibilityVersion = "Xcode 3.2";
			developmentRegion = English;
			hasScannedForEncodings = 0;
			knownRegions = (
				en,
				Base,
			);
			mainGroup = 4A9933621A7ABF1000418141;
			productRefGroup = 4A99336C1A7ABF1000418141 /* Products */;
			projectDirPath = "";
			projectRoot = "";
			targets = (
				4A99336A1A7ABF1000418141 /* Accepted */,
				4A9933821A7ABF1100418141 /* AcceptedTests */,
			);
		};
/* End PBXProject section */

/* Begin PBXResourcesBuildPhase section */
		4A9933691A7ABF1000418141 /* Resources */ = {
			isa = PBXResourcesBuildPhase;
			buildActionMask = 2147483647;
			files = (
				4A99337E1A7ABF1100418141 /* LaunchScreen.xib in Resources */,
				4A99337B1A7ABF1100418141 /* Images.xcassets in Resources */,
				4A9933A81A7AC1F000418141 /* Main.storyboard in Resources */,
			);
			runOnlyForDeploymentPostprocessing = 0;
		};
		4A9933811A7ABF1100418141 /* Resources */ = {
			isa = PBXResourcesBuildPhase;
			buildActionMask = 2147483647;
			files = (
			);
			runOnlyForDeploymentPostprocessing = 0;
		};
/* End PBXResourcesBuildPhase section */

/* Begin PBXSourcesBuildPhase section */
		4A9933671A7ABF1000418141 /* Sources */ = {
			isa = PBXSourcesBuildPhase;
			buildActionMask = 2147483647;
			files = (
				4A99339E1A7AC1D100418141 /* CreateAccountViewController.swift in Sources */,
				4A1B56891A7C35F30005A565 /* CustomPointAnnotation.swift in Sources */,
				4A9933761A7ABF1000418141 /* ViewController.swift in Sources */,
				4A9933741A7ABF1000418141 /* Accepted.xcdatamodeld in Sources */,
				4A99339D1A7AC1D100418141 /* AccountViewController.swift in Sources */,
				4A9933AA1A7AC58600418141 /* MySchoolsViewController.swift in Sources */,
				4A9933A21A7AC1D100418141 /* School.swift in Sources */,
				4A9933A61A7AC1D100418141 /* UserModel.swift in Sources */,
				4A9933711A7ABF1000418141 /* AppDelegate.swift in Sources */,
				4A99339F1A7AC1D100418141 /* HomeViewController.swift in Sources */,
				4A9933A31A7AC1D100418141 /* SchoolMapViewController.swift in Sources */,
				4A9933A51A7AC1D100418141 /* User.swift in Sources */,
				4A9933A41A7AC1D100418141 /* SchoolModel.swift in Sources */,
				4A9933A01A7AC1D100418141 /* Location.swift in Sources */,
				4A9933A11A7AC1D100418141 /* Major.swift in Sources */,
			);
			runOnlyForDeploymentPostprocessing = 0;
		};
		4A99337F1A7ABF1100418141 /* Sources */ = {
			isa = PBXSourcesBuildPhase;
			buildActionMask = 2147483647;
			files = (
				4A99338A1A7ABF1100418141 /* AcceptedTests.swift in Sources */,
			);
			runOnlyForDeploymentPostprocessing = 0;
		};
/* End PBXSourcesBuildPhase section */

/* Begin PBXTargetDependency section */
		4A9933851A7ABF1100418141 /* PBXTargetDependency */ = {
			isa = PBXTargetDependency;
			target = 4A99336A1A7ABF1000418141 /* Accepted */;
			targetProxy = 4A9933841A7ABF1100418141 /* PBXContainerItemProxy */;
		};
/* End PBXTargetDependency section */

/* Begin PBXVariantGroup section */
		4A99337C1A7ABF1100418141 /* LaunchScreen.xib */ = {
			isa = PBXVariantGroup;
			children = (
				4A99337D1A7ABF1100418141 /* Base */,
			);
			name = LaunchScreen.xib;
			sourceTree = "<group>";
		};
/* End PBXVariantGroup section */

/* Begin XCBuildConfiguration section */
		4A99338B1A7ABF1100418141 /* Debug */ = {
			isa = XCBuildConfiguration;
			buildSettings = {
				ALWAYS_SEARCH_USER_PATHS = NO;
				CLANG_CXX_LANGUAGE_STANDARD = "gnu++0x";
				CLANG_CXX_LIBRARY = "libc++";
				CLANG_ENABLE_MODULES = YES;
				CLANG_ENABLE_OBJC_ARC = YES;
				CLANG_WARN_BOOL_CONVERSION = YES;
				CLANG_WARN_CONSTANT_CONVERSION = YES;
				CLANG_WARN_DIRECT_OBJC_ISA_USAGE = YES_ERROR;
				CLANG_WARN_EMPTY_BODY = YES;
				CLANG_WARN_ENUM_CONVERSION = YES;
				CLANG_WARN_INT_CONVERSION = YES;
				CLANG_WARN_OBJC_ROOT_CLASS = YES_ERROR;
				CLANG_WARN_UNREACHABLE_CODE = YES;
				CLANG_WARN__DUPLICATE_METHOD_MATCH = YES;
				"CODE_SIGN_IDENTITY[sdk=iphoneos*]" = "iPhone Developer";
				COPY_PHASE_STRIP = NO;
				ENABLE_STRICT_OBJC_MSGSEND = YES;
				GCC_C_LANGUAGE_STANDARD = gnu99;
				GCC_DYNAMIC_NO_PIC = NO;
				GCC_OPTIMIZATION_LEVEL = 0;
				GCC_PREPROCESSOR_DEFINITIONS = (
					"DEBUG=1",
					"$(inherited)",
				);
				GCC_SYMBOLS_PRIVATE_EXTERN = NO;
				GCC_WARN_64_TO_32_BIT_CONVERSION = YES;
				GCC_WARN_ABOUT_RETURN_TYPE = YES_ERROR;
				GCC_WARN_UNDECLARED_SELECTOR = YES;
				GCC_WARN_UNINITIALIZED_AUTOS = YES_AGGRESSIVE;
				GCC_WARN_UNUSED_FUNCTION = YES;
				GCC_WARN_UNUSED_VARIABLE = YES;
				IPHONEOS_DEPLOYMENT_TARGET = 8.1;
				MTL_ENABLE_DEBUG_INFO = YES;
				ONLY_ACTIVE_ARCH = YES;
				SDKROOT = iphoneos;
				SWIFT_OPTIMIZATION_LEVEL = "-Onone";
			};
			name = Debug;
		};
		4A99338C1A7ABF1100418141 /* Release */ = {
			isa = XCBuildConfiguration;
			buildSettings = {
				ALWAYS_SEARCH_USER_PATHS = NO;
				CLANG_CXX_LANGUAGE_STANDARD = "gnu++0x";
				CLANG_CXX_LIBRARY = "libc++";
				CLANG_ENABLE_MODULES = YES;
				CLANG_ENABLE_OBJC_ARC = YES;
				CLANG_WARN_BOOL_CONVERSION = YES;
				CLANG_WARN_CONSTANT_CONVERSION = YES;
				CLANG_WARN_DIRECT_OBJC_ISA_USAGE = YES_ERROR;
				CLANG_WARN_EMPTY_BODY = YES;
				CLANG_WARN_ENUM_CONVERSION = YES;
				CLANG_WARN_INT_CONVERSION = YES;
				CLANG_WARN_OBJC_ROOT_CLASS = YES_ERROR;
				CLANG_WARN_UNREACHABLE_CODE = YES;
				CLANG_WARN__DUPLICATE_METHOD_MATCH = YES;
				"CODE_SIGN_IDENTITY[sdk=iphoneos*]" = "iPhone Developer";
				COPY_PHASE_STRIP = YES;
				ENABLE_NS_ASSERTIONS = NO;
				ENABLE_STRICT_OBJC_MSGSEND = YES;
				GCC_C_LANGUAGE_STANDARD = gnu99;
				GCC_WARN_64_TO_32_BIT_CONVERSION = YES;
				GCC_WARN_ABOUT_RETURN_TYPE = YES_ERROR;
				GCC_WARN_UNDECLARED_SELECTOR = YES;
				GCC_WARN_UNINITIALIZED_AUTOS = YES_AGGRESSIVE;
				GCC_WARN_UNUSED_FUNCTION = YES;
				GCC_WARN_UNUSED_VARIABLE = YES;
				IPHONEOS_DEPLOYMENT_TARGET = 8.1;
				MTL_ENABLE_DEBUG_INFO = NO;
				SDKROOT = iphoneos;
				VALIDATE_PRODUCT = YES;
			};
			name = Release;
		};
		4A99338E1A7ABF1100418141 /* Debug */ = {
			isa = XCBuildConfiguration;
			buildSettings = {
				ASSETCATALOG_COMPILER_APPICON_NAME = AppIcon;
				INFOPLIST_FILE = Accepted/Info.plist;
				LD_RUNPATH_SEARCH_PATHS = "$(inherited) @executable_path/Frameworks";
				PRODUCT_NAME = "$(TARGET_NAME)";
			};
			name = Debug;
		};
		4A99338F1A7ABF1100418141 /* Release */ = {
			isa = XCBuildConfiguration;
			buildSettings = {
				ASSETCATALOG_COMPILER_APPICON_NAME = AppIcon;
				INFOPLIST_FILE = Accepted/Info.plist;
				LD_RUNPATH_SEARCH_PATHS = "$(inherited) @executable_path/Frameworks";
				PRODUCT_NAME = "$(TARGET_NAME)";
			};
			name = Release;
		};
		4A9933911A7ABF1100418141 /* Debug */ = {
			isa = XCBuildConfiguration;
			buildSettings = {
				BUNDLE_LOADER = "$(TEST_HOST)";
				FRAMEWORK_SEARCH_PATHS = (
					"$(SDKROOT)/Developer/Library/Frameworks",
					"$(inherited)",
				);
				GCC_PREPROCESSOR_DEFINITIONS = (
					"DEBUG=1",
					"$(inherited)",
				);
				INFOPLIST_FILE = AcceptedTests/Info.plist;
				LD_RUNPATH_SEARCH_PATHS = "$(inherited) @executable_path/Frameworks @loader_path/Frameworks";
				PRODUCT_NAME = "$(TARGET_NAME)";
				TEST_HOST = "$(BUILT_PRODUCTS_DIR)/Accepted.app/Accepted";
			};
			name = Debug;
		};
		4A9933921A7ABF1100418141 /* Release */ = {
			isa = XCBuildConfiguration;
			buildSettings = {
				BUNDLE_LOADER = "$(TEST_HOST)";
				FRAMEWORK_SEARCH_PATHS = (
					"$(SDKROOT)/Developer/Library/Frameworks",
					"$(inherited)",
				);
				INFOPLIST_FILE = AcceptedTests/Info.plist;
				LD_RUNPATH_SEARCH_PATHS = "$(inherited) @executable_path/Frameworks @loader_path/Frameworks";
				PRODUCT_NAME = "$(TARGET_NAME)";
				TEST_HOST = "$(BUILT_PRODUCTS_DIR)/Accepted.app/Accepted";
			};
			name = Release;
		};
/* End XCBuildConfiguration section */

/* Begin XCConfigurationList section */
		4A9933661A7ABF1000418141 /* Build configuration list for PBXProject "Accepted" */ = {
			isa = XCConfigurationList;
			buildConfigurations = (
				4A99338B1A7ABF1100418141 /* Debug */,
				4A99338C1A7ABF1100418141 /* Release */,
			);
			defaultConfigurationIsVisible = 0;
			defaultConfigurationName = Release;
		};
		4A99338D1A7ABF1100418141 /* Build configuration list for PBXNativeTarget "Accepted" */ = {
			isa = XCConfigurationList;
			buildConfigurations = (
				4A99338E1A7ABF1100418141 /* Debug */,
				4A99338F1A7ABF1100418141 /* Release */,
			);
			defaultConfigurationIsVisible = 0;
			defaultConfigurationName = Release;
		};
		4A9933901A7ABF1100418141 /* Build configuration list for PBXNativeTarget "AcceptedTests" */ = {
			isa = XCConfigurationList;
			buildConfigurations = (
				4A9933911A7ABF1100418141 /* Debug */,
				4A9933921A7ABF1100418141 /* Release */,
			);
			defaultConfigurationIsVisible = 0;
			defaultConfigurationName = Release;
		};
/* End XCConfigurationList section */

/* Begin XCVersionGroup section */
		4A9933721A7ABF1000418141 /* Accepted.xcdatamodeld */ = {
			isa = XCVersionGroup;
			children = (
				4A9933731A7ABF1000418141 /* Accepted.xcdatamodel */,
			);
			currentVersion = 4A9933731A7ABF1000418141 /* Accepted.xcdatamodel */;
			path = Accepted.xcdatamodeld;
			sourceTree = "<group>";
			versionGroupType = wrapper.xcdatamodel;
		};
/* End XCVersionGroup section */
	};
	rootObject = 4A9933631A7ABF1000418141 /* Project object */;
}
